
Microsoft Visual Studio Solution File, Format Version 12.00
# Visual Studio Version 17
VisualStudioVersion = 17.0.31903.59
MinimumVisualStudioVersion = 10.0.40219.1
Project("{FAE04EC0-301F-11D3-BF4B-00C04F79EFBC}") = "App", "App\App.csproj", "{05E425F8-CA8E-46DB-8323-FF345BC6ECCB}"
EndProject
Global
	GlobalSection(SolutionConfigurationPlatforms) = preSolution
		Debug|Any CPU = Debug|Any CPU
		Release|Any CPU = Release|Any CPU
	EndGlobalSection
	GlobalSection(SolutionProperties) = preSolution
		HideSolutionNode = FALSE
	EndGlobalSection
	GlobalSection(ProjectConfigurationPlatforms) = postSolution
		{05E425F8-CA8E-46DB-8323-FF345BC6ECCB}.Debug|Any CPU.ActiveCfg = Debug|Any CPU
		{05E425F8-CA8E-46DB-8323-FF345BC6ECCB}.Debug|Any CPU.Build.0 = Debug|Any CPU
		{05E425F8-CA8E-46DB-8323-FF345BC6ECCB}.Release|Any CPU.ActiveCfg = Release|Any CPU
		{05E425F8-CA8E-46DB-8323-FF345BC6ECCB}.Release|Any CPU.Build.0 = Release|Any CPU
	EndGlobalSection
EndGlobal
